Microsoft Visual Studio Solution File, Format Version 8.00
Project("{8BC9CEB8-8B4A-11D0-8D11-00A0C91BC942}") = "parity", "parity\parity.vcproj", "{29BA975C-FEE6-4BCC-A4D3-9ACC4634BB8E}"
	ProjectSection(ProjectDependencies) = postProject
	EndProjectSection
EndProject
Global
	GlobalSection(SolutionConfiguration) = preSolution
		Debug = Debug
		Release = Release
	EndGlobalSection
	GlobalSection(ProjectConfiguration) = postSolution
		{29BA975C-FEE6-4BCC-A4D3-9ACC4634BB8E}.Debug.ActiveCfg = Debug|Win32
		{29BA975C-FEE6-4BCC-A4D3-9ACC4634BB8E}.Debug.Build.0 = Debug|Win32
		{29BA975C-FEE6-4BCC-A4D3-9ACC4634BB8E}.Release.ActiveCfg = Release|Win32
		{29BA975C-FEE6-4BCC-A4D3-9ACC4634BB8E}.Release.Build.0 = Release|Win32
	EndGlobalSection
	GlobalSection(ExtensibilityGlobals) = postSolution
	EndGlobalSection
	GlobalSection(ExtensibilityAddIns) = postSolution
	EndGlobalSection
EndGlobal
